
Microsoft Visual Studio Solution File, Format Version 12.00
# Visual Studio Version 16
VisualStudioVersion = 16.0.30907.101
MinimumVisualStudioVersion = 10.0.40219.1
Project("{FAE04EC0-301F-11D3-BF4B-00C04F79EFBC}") = "Pizza_Bot", "Pizza_Bot\Pizza_Bot.csproj", "{E082014E-A42C-4E7F-BAD7-4114C0E8BD48}"
EndProject
Global
	GlobalSection(SolutionConfigurationPlatforms) = preSolution
		Debug|Any CPU = Debug|Any CPU
		Release|Any CPU = Release|Any CPU
	EndGlobalSection
	GlobalSection(ProjectConfigurationPlatforms) = postSolution
		{E082014E-A42C-4E7F-BAD7-4114C0E8BD48}.Debug|Any CPU.ActiveCfg = Debug|Any CPU
		{E082014E-A42C-4E7F-BAD7-4114C0E8BD48}.Debug|Any CPU.Build.0 = Debug|Any CPU
		{E082014E-A42C-4E7F-BAD7-4114C0E8BD48}.Release|Any CPU.ActiveCfg = Release|Any CPU
		{E082014E-A42C-4E7F-BAD7-4114C0E8BD48}.Release|Any CPU.Build.0 = Release|Any CPU
	EndGlobalSection
	GlobalSection(SolutionProperties) = preSolution
		HideSolutionNode = FALSE
	EndGlobalSection
	GlobalSection(ExtensibilityGlobals) = postSolution
		SolutionGuid = {42555986-8066-4A1D-9F9B-6E5E84F6BD8C}
	EndGlobalSection
EndGlobal
